<?xml version="1.0" encoding="utf-8"?>
<Project ToolsVersion="4.0" xmlns="http://schemas.microsoft.com/developer/msbuild/2003">
  <ItemGroup>
    <Filter Include="源文件">
      <UniqueIdentifier>{4FC737F1-C7A5-4376-A066-2A32D752A2FF}</UniqueIdentifier>
      <Extensions>cpp;c;cc;cxx;c++;cppm;ixx;def;odl;idl;hpj;bat;asm;asmx</Extensions>
    </Filter>
    <Filter Include="资源文件">
      <UniqueIdentifier>{67DA6AB6-F800-4c08-8B7A-83BB121AAD01}</UniqueIdentifier>
      <Extensions>rc;ico;cur;bmp;dlg;rc2;rct;bin;rgs;gif;jpg;jpeg;jpe;resx;tiff;tif;png;wav;mfcribbon-ms</Extensions>
    </Filter>
    <Filter Include="头文件">
      <UniqueIdentifier>{93995380-89BD-4b04-88EB-625FBE52EBFB}</UniqueIdentifier>
      <Extensions>h;hh;hpp;hxx;h++;hm;inl;inc;ipp;xsd</Extensions>
    </Filter>
    <Filter Include="源文件\Test3">
      <UniqueIdentifier>{aa117c55-b82f-47e1-a643-9405c83f50a6}</UniqueIdentifier>
    </Filter>
    <Filter Include="源文件\Test2">
      <UniqueIdentifier>{9e8a6106-9463-4f39-894c-02ea842b824d}</UniqueIdentifier>
    </Filter>
    <Filter Include="源文件\Test1">
      <UniqueIdentifier>{704eee99-64c4-4e96-89dc-dc8c36b1630b}</UniqueIdentifier>
    </Filter>
  </ItemGroup>
  <ItemGroup>
    <ClCompile Include="T3.cpp">
      <Filter>源文件\Test3</Filter>
    </ClCompile>
    <ClCompile Include="T2.cpp">
      <Filter>源文件\Test2</Filter>
    </ClCompile>
    <ClCompile Include="T1.cpp">
      <Filter>源文件\Test1</Filter>
    </ClCompile>
    <ClCompile Include="T1_1.cpp">
      <Filter>源文件\Test1</Filter>
    </ClCompile>
  </ItemGroup>
</Project>